Microsoft Visual Studio Solution File, Format Version 12.00
# Visual Studio Version 17
VisualStudioVersion = 17.5.2.0
MinimumVisualStudioVersion = 10.0.40219.1
Project("{2150E333-8FDC-42A3-9474-1A3956D46DE8}") = "homework-1", "homework-1", "{163BFB58-F4A1-49A6-6E35-069EF8E79804}"
EndProject
Project("{2150E333-8FDC-42A3-9474-1A3956D46DE8}") = "src", "src", "{109023A1-C476-4B32-42B9-F27591E7B49E}"
EndProject
Project("{FAE04EC0-301F-11D3-BF4B-00C04F79EFBC}") = "BankingTransactionsApi", "homework-1\src\BankingTransactionsApi.csproj", "{B237B1D6-907C-547A-5536-3AD494A7D549}"
EndProject
Global
	GlobalSection(SolutionConfigurationPlatforms) = preSolution
		Debug|Any CPU = Debug|Any CPU
		Release|Any CPU = Release|Any CPU
	EndGlobalSection
	GlobalSection(ProjectConfigurationPlatforms) = postSolution
		{B237B1D6-907C-547A-5536-3AD494A7D549}.Debug|Any CPU.ActiveCfg = Debug|Any CPU
		{B237B1D6-907C-547A-5536-3AD494A7D549}.Debug|Any CPU.Build.0 = Debug|Any CPU
		{B237B1D6-907C-547A-5536-3AD494A7D549}.Release|Any CPU.ActiveCfg = Release|Any CPU
		{B237B1D6-907C-547A-5536-3AD494A7D549}.Release|Any CPU.Build.0 = Release|Any CPU
	EndGlobalSection
	GlobalSection(SolutionProperties) = preSolution
		HideSolutionNode = FALSE
	EndGlobalSection
	GlobalSection(NestedProjects) = preSolution
		{109023A1-C476-4B32-42B9-F27591E7B49E} = {163BFB58-F4A1-49A6-6E35-069EF8E79804}
		{B237B1D6-907C-547A-5536-3AD494A7D549} = {109023A1-C476-4B32-42B9-F27591E7B49E}
	EndGlobalSection
	GlobalSection(ExtensibilityGlobals) = postSolution
		SolutionGuid = {AC69CE58-401A-4F3F-B5CD-F535C0520BAC}
	EndGlobalSection
EndGlobal
